
Microsoft Visual Studio Solution File, Format Version 12.00
# Visual Studio Version 17
VisualStudioVersion = 17.9.34607.119
MinimumVisualStudioVersion = 10.0.40219.1
Project("{FAE04EC0-301F-11D3-BF4B-00C04F79EFBC}") = "Razor", "Razor\Razor.csproj", "{F56C27E0-8EEA-4517-86BB-7D0705FBEC32}"
EndProject
Global
	GlobalSection(SolutionConfigurationPlatforms) = preSolution
		Debug|Any CPU = Debug|Any CPU
		Release|Any CPU = Release|Any CPU
	EndGlobalSection
	GlobalSection(ProjectConfigurationPlatforms) = postSolution
		{F56C27E0-8EEA-4517-86BB-7D0705FBEC32}.Debug|Any CPU.ActiveCfg = Debug|Any CPU
		{F56C27E0-8EEA-4517-86BB-7D0705FBEC32}.Debug|Any CPU.Build.0 = Debug|Any CPU
		{F56C27E0-8EEA-4517-86BB-7D0705FBEC32}.Release|Any CPU.ActiveCfg = Release|Any CPU
		{F56C27E0-8EEA-4517-86BB-7D0705FBEC32}.Release|Any CPU.Build.0 = Release|Any CPU
	EndGlobalSection
	GlobalSection(SolutionProperties) = preSolution
		HideSolutionNode = FALSE
	EndGlobalSection
	GlobalSection(ExtensibilityGlobals) = postSolution
		SolutionGuid = {0B35FF8D-4360-41A0-B489-8171F33B9D83}
	EndGlobalSection
EndGlobal
