
Microsoft Visual Studio Solution File, Format Version 12.00
# Visual Studio Version 17
VisualStudioVersion = 17.8.34525.116
MinimumVisualStudioVersion = 10.0.40219.1
Project("{FAE04EC0-301F-11D3-BF4B-00C04F79EFBC}") = "ConsoleApp1", "ConsoleApp1\ConsoleApp1.csproj", "{A260556C-C99A-4893-AD0A-7CE29819F8BE}"
EndProject
Global
	GlobalSection(SolutionConfigurationPlatforms) = preSolution
		Debug|Any CPU = Debug|Any CPU
		Release|Any CPU = Release|Any CPU
	EndGlobalSection
	GlobalSection(ProjectConfigurationPlatforms) = postSolution
		{A260556C-C99A-4893-AD0A-7CE29819F8BE}.Debug|Any CPU.ActiveCfg = Debug|Any CPU
		{A260556C-C99A-4893-AD0A-7CE29819F8BE}.Debug|Any CPU.Build.0 = Debug|Any CPU
		{A260556C-C99A-4893-AD0A-7CE29819F8BE}.Release|Any CPU.ActiveCfg = Release|Any CPU
		{A260556C-C99A-4893-AD0A-7CE29819F8BE}.Release|Any CPU.Build.0 = Release|Any CPU
	EndGlobalSection
	GlobalSection(SolutionProperties) = preSolution
		HideSolutionNode = FALSE
	EndGlobalSection
	GlobalSection(ExtensibilityGlobals) = postSolution
		SolutionGuid = {ADF1C4D9-1BE6-4A24-B097-C990DEFEF2D8}
	EndGlobalSection
EndGlobal
