
Microsoft Visual Studio Solution File, Format Version 12.00
# Visual Studio Version 17
VisualStudioVersion = 17.9.34607.119
MinimumVisualStudioVersion = 10.0.40219.1
Project("{FAE04EC0-301F-11D3-BF4B-00C04F79EFBC}") = "mvc", "mvc\mvc.csproj", "{59DC1678-B66E-4691-8270-57C16BA5B964}"
EndProject
Global
	GlobalSection(SolutionConfigurationPlatforms) = preSolution
		Debug|Any CPU = Debug|Any CPU
		Release|Any CPU = Release|Any CPU
	EndGlobalSection
	GlobalSection(ProjectConfigurationPlatforms) = postSolution
		{59DC1678-B66E-4691-8270-57C16BA5B964}.Debug|Any CPU.ActiveCfg = Debug|Any CPU
		{59DC1678-B66E-4691-8270-57C16BA5B964}.Debug|Any CPU.Build.0 = Debug|Any CPU
		{59DC1678-B66E-4691-8270-57C16BA5B964}.Release|Any CPU.ActiveCfg = Release|Any CPU
		{59DC1678-B66E-4691-8270-57C16BA5B964}.Release|Any CPU.Build.0 = Release|Any CPU
	EndGlobalSection
	GlobalSection(SolutionProperties) = preSolution
		HideSolutionNode = FALSE
	EndGlobalSection
	GlobalSection(ExtensibilityGlobals) = postSolution
		SolutionGuid = {04BAC302-00E9-4E32-AA8F-D2869A2FD356}
	EndGlobalSection
EndGlobal
